Microsoft Visual Studio Solution File, Format Version 12.00
# Visual Studio Version 17
VisualStudioVersion = 17.5.2.0
MinimumVisualStudioVersion = 10.0.40219.1
Project("{FAE04EC0-301F-11D3-BF4B-00C04F79EFBC}") = "Blazor1", "Blazor1.csproj", "{D72A8E25-E450-8EBE-7750-37F41A83D03C}"
EndProject
Global
	GlobalSection(SolutionConfigurationPlatforms) = preSolution
		Debug|Any CPU = Debug|Any CPU
		Release|Any CPU = Release|Any CPU
	EndGlobalSection
	GlobalSection(ProjectConfigurationPlatforms) = postSolution
		{D72A8E25-E450-8EBE-7750-37F41A83D03C}.Debug|Any CPU.ActiveCfg = Debug|Any CPU
		{D72A8E25-E450-8EBE-7750-37F41A83D03C}.Debug|Any CPU.Build.0 = Debug|Any CPU
		{D72A8E25-E450-8EBE-7750-37F41A83D03C}.Release|Any CPU.ActiveCfg = Release|Any CPU
		{D72A8E25-E450-8EBE-7750-37F41A83D03C}.Release|Any CPU.Build.0 = Release|Any CPU
	EndGlobalSection
	GlobalSection(SolutionProperties) = preSolution
		HideSolutionNode = FALSE
	EndGlobalSection
	GlobalSection(ExtensibilityGlobals) = postSolution
		SolutionGuid = {EDA1715F-36FA-4CB3-8F93-381855CF3F14}
	EndGlobalSection
EndGlobal
